dependencies:
- name: backend
  repository: file://charts/backend
  version: 0.1.0
- name: frontend
  repository: file://charts/frontend
  version: 0.1.0
- name: postgresql
  repository: https://charts.bitnami.com/bitnami
  version: 18.7.2
- name: ingress-nginx
  repository: https://kubernetes.github.io/ingress-nginx
  version: 4.15.1
digest: sha256:141f7a8f134314055e5501e0eb26de28d494daa6c901078e3255586c8fd7b08d
generated: "2026-06-08T16:56:48.140752-04:00"
