dependencies:
- name: backend
  repository: file://charts/backend
  version: 0.1.0
- name: frontend
  repository: file://charts/frontend
  version: 0.1.0
- name: postgresql
  repository: https://charts.bitnami.com/bitnami
  version: 18.7.2
- name: ingress-nginx
  repository: https://kubernetes.github.io/ingress-nginx
  version: 4.15.1
- name: redis
  repository: https://charts.bitnami.com/bitnami
  version: 20.6.1
- name: kube-prometheus-stack
  repository: https://prometheus-community.github.io/helm-charts
  version: 86.2.3
- name: loki
  repository: https://grafana.github.io/helm-charts
  version: 7.0.0
- name: promtail
  repository: https://grafana.github.io/helm-charts
  version: 6.17.1
digest: sha256:3eacee45ce73e765b95c0d6e2f04a4b108431ca34e6ad35eee0a452879307ecf
generated: "2026-07-08T14:46:22.997777-04:00"
